
Microsoft Visual Studio Solution File, Format Version 12.00
# Visual Studio 14
VisualStudioVersion = 14.0.24720.0
MinimumVisualStudioVersion = 10.0.40219.1
Project("{FAE04EC0-301F-11D3-BF4B-00C04F79EFBC}") = "Case17613.Host", "Case17613.Host\Case17613.Host.csproj", "{BA487B62-6825-491F-8B64-5E87BB466D34}"
EndProject
Project("{FAE04EC0-301F-11D3-BF4B-00C04F79EFBC}") = "Case17613.Client", "Case17613.Client\Case17613.Client.csproj", "{1CCFADE3-576B-4260-A7BA-C00881CFB657}"
EndProject
Project("{FAE04EC0-301F-11D3-BF4B-00C04F79EFBC}") = "Case17613.Messages", "Case17613.Messages\Case17613.Messages.csproj", "{A607EDA3-61BE-4856-9BD6-C3C9BB63AE61}"
EndProject
Global
	GlobalSection(SolutionConfigurationPlatforms) = preSolution
		Debug|Any CPU = Debug|Any CPU
		Release|Any CPU = Release|Any CPU
	EndGlobalSection
	GlobalSection(ProjectConfigurationPlatforms) = postSolution
		{BA487B62-6825-491F-8B64-5E87BB466D34}.Debug|Any CPU.ActiveCfg = Debug|Any CPU
		{BA487B62-6825-491F-8B64-5E87BB466D34}.Debug|Any CPU.Build.0 = Debug|Any CPU
		{BA487B62-6825-491F-8B64-5E87BB466D34}.Release|Any CPU.ActiveCfg = Release|Any CPU
		{BA487B62-6825-491F-8B64-5E87BB466D34}.Release|Any CPU.Build.0 = Release|Any CPU
		{1CCFADE3-576B-4260-A7BA-C00881CFB657}.Debug|Any CPU.ActiveCfg = Debug|Any CPU
		{1CCFADE3-576B-4260-A7BA-C00881CFB657}.Debug|Any CPU.Build.0 = Debug|Any CPU
		{1CCFADE3-576B-4260-A7BA-C00881CFB657}.Release|Any CPU.ActiveCfg = Release|Any CPU
		{1CCFADE3-576B-4260-A7BA-C00881CFB657}.Release|Any CPU.Build.0 = Release|Any CPU
		{A607EDA3-61BE-4856-9BD6-C3C9BB63AE61}.Debug|Any CPU.ActiveCfg = Debug|Any CPU
		{A607EDA3-61BE-4856-9BD6-C3C9BB63AE61}.Debug|Any CPU.Build.0 = Debug|Any CPU
		{A607EDA3-61BE-4856-9BD6-C3C9BB63AE61}.Release|Any CPU.ActiveCfg = Release|Any CPU
		{A607EDA3-61BE-4856-9BD6-C3C9BB63AE61}.Release|Any CPU.Build.0 = Release|Any CPU
	EndGlobalSection
	GlobalSection(SolutionProperties) = preSolution
		HideSolutionNode = FALSE
	EndGlobalSection
EndGlobal
